PODS:
  - CocoaLumberjack (1.6.2)
  - Expecta (0.2.1)
  - FMDB (2.0):
    - FMDB/standard (= 2.0)
  - FMDB/common (2.0)
  - FMDB/standard (2.0):
    - FMDB/common
  - JAListView (0.0.1)
  - OCMock (2.1.1)
  - Specta (0.1.8)

DEPENDENCIES:
  - CocoaLumberjack
  - Expecta
  - FMDB
  - JAListView
  - OCMock
  - Specta

SPEC REPOS:
  trunk:
    - CocoaLumberjack
    - Expecta
    - FMDB
    - JAListView
    - OCMock
    - Specta

SPEC CHECKSUMS:
  CocoaLumberjack: 38fa640b1467deaf665b3f7b3b08f837b55c9660
  Expecta: 9baf79e5a81955466b5f6c5e879f154fc8c88afa
  FMDB: 53a38a2a564e755f2e9a075418d5167557403105
  JAListView: 61903c5c3ea6f6f9a6163d4023f05cae9f5b5770
  OCMock: add4220c4527115d16e40a21dab18cb6f829d476
  Specta: 33d3181fc5679973ef9cb0fd5b823e0f7a31b35f

PODFILE CHECKSUM: f482ec05c3d4a645ff98a1f585335fcfab66a05b

COCOAPODS: 1.10.1
