// !$*UTF8*$!
{
	archiveVersion = 1;
	classes = {
	};
	objectVersion = 46;
	objects = {

/* Begin PBXBuildFile section */
		0D61361C09FA4777AF5060FF /* libPods-BSMInputMethodTests.a in Frameworks */ = {isa = PBXBuildFile; fileRef = 85F9EA81874245F69A3FFBB6 /* libPods-BSMInputMethodTests.a */; };
		540F9239173D4924009054B3 /* Cocoa.framework in Frameworks */ = {isa = PBXBuildFile; fileRef = 540F9238173D4924009054B3 /* Cocoa.framework */; };
		540F9243173D4924009054B3 /* InfoPlist.strings in Resources */ = {isa = PBXBuildFile; fileRef = 540F9241173D4924009054B3 /* InfoPlist.strings */; };
		540F9245173D4924009054B3 /* main.m in Sources */ = {isa = PBXBuildFile; fileRef = 540F9244173D4924009054B3 /* main.m */; };
		540F9249173D4924009054B3 /* Credits.rtf in Resources */ = {isa = PBXBuildFile; fileRef = 540F9247173D4924009054B3 /* Credits.rtf */; };
		540F924C173D4924009054B3 /* BSMAppDelegate.m in Sources */ = {isa = PBXBuildFile; fileRef = 540F924B173D4924009054B3 /* BSMAppDelegate.m */; };
		540F924F173D4924009054B3 /* MainMenu.xib in Resources */ = {isa = PBXBuildFile; fileRef = 540F924D173D4924009054B3 /* MainMenu.xib */; };
		540F9257173D4925009054B3 /* SenTestingKit.framework in Frameworks */ = {isa = PBXBuildFile; fileRef = 540F9256173D4925009054B3 /* SenTestingKit.framework */; };
		540F9258173D4925009054B3 /* Cocoa.framework in Frameworks */ = {isa = PBXBuildFile; fileRef = 540F9238173D4924009054B3 /* Cocoa.framework */; };
		540F9260173D4925009054B3 /* InfoPlist.strings in Resources */ = {isa = PBXBuildFile; fileRef = 540F925E173D4925009054B3 /* InfoPlist.strings */; };
		540F926E173D49BA009054B3 /* BSMInputMethodController.m in Sources */ = {isa = PBXBuildFile; fileRef = 540F926D173D49BA009054B3 /* BSMInputMethodController.m */; };
		540F9273173D4AA9009054B3 /* InputMethodKit.framework in Frameworks */ = {isa = PBXBuildFile; fileRef = 540F9272173D4AA9009054B3 /* InputMethodKit.framework */; };
		540F9279173D5872009054B3 /* Carbon.framework in Frameworks */ = {isa = PBXBuildFile; fileRef = 540F9278173D5872009054B3 /* Carbon.framework */; };
		540F927B173DFBBA009054B3 /* bsm.db in Resources */ = {isa = PBXBuildFile; fileRef = 540F927A173DFBBA009054B3 /* bsm.db */; };
		540F927C173DFBBA009054B3 /* bsm.db in Resources */ = {isa = PBXBuildFile; fileRef = 540F927A173DFBBA009054B3 /* bsm.db */; };
		540F9283173DFEE5009054B3 /* BSMEngineSpec.m in Sources */ = {isa = PBXBuildFile; fileRef = 540F9281173DFEE5009054B3 /* BSMEngineSpec.m */; };
		540F9288173E4962009054B3 /* BSMBufferSpec.m in Sources */ = {isa = PBXBuildFile; fileRef = 540F9287173E4962009054B3 /* BSMBufferSpec.m */; };
		540F928C173E59FA009054B3 /* BSMCandidatesWindow.m in Sources */ = {isa = PBXBuildFile; fileRef = 540F928B173E59FA009054B3 /* BSMCandidatesWindow.m */; };
		540F928E173E5B57009054B3 /* BSMCandidateViewItem.xib in Resources */ = {isa = PBXBuildFile; fileRef = 540F928D173E5B57009054B3 /* BSMCandidateViewItem.xib */; };
		540F9291173E5CC7009054B3 /* BSMCandidateViewItem.m in Sources */ = {isa = PBXBuildFile; fileRef = 540F9290173E5CC7009054B3 /* BSMCandidateViewItem.m */; };
		540F9297173E92EB009054B3 /* BSMView.m in Sources */ = {isa = PBXBuildFile; fileRef = 540F9296173E92EB009054B3 /* BSMView.m */; };
		543FB198173F4E0800F0F155 /* BSMInputMethodControllerSpec.m in Sources */ = {isa = PBXBuildFile; fileRef = 543FB197173F4E0800F0F155 /* BSMInputMethodControllerSpec.m */; };
		543FB199173F501D00F0F155 /* InputMethodKit.framework in Frameworks */ = {isa = PBXBuildFile; fileRef = 540F9272173D4AA9009054B3 /* InputMethodKit.framework */; };
		543FB19A173F501F00F0F155 /* Carbon.framework in Frameworks */ = {isa = PBXBuildFile; fileRef = 540F9278173D5872009054B3 /* Carbon.framework */; };
		543FB1A2173F982600F0F155 /* BSMBuffer.m in Sources */ = {isa = PBXBuildFile; fileRef = 543FB19D173F982600F0F155 /* BSMBuffer.m */; };
		543FB1A3173F982600F0F155 /* BSMBuffer.m in Sources */ = {isa = PBXBuildFile; fileRef = 543FB19D173F982600F0F155 /* BSMBuffer.m */; };
		543FB1A4173F982600F0F155 /* BSMEngine.m in Sources */ = {isa = PBXBuildFile; fileRef = 543FB19F173F982600F0F155 /* BSMEngine.m */; };
		543FB1A5173F982600F0F155 /* BSMEngine.m in Sources */ = {isa = PBXBuildFile; fileRef = 543FB19F173F982600F0F155 /* BSMEngine.m */; };
		543FB1A6173F982600F0F155 /* BSMMatch.m in Sources */ = {isa = PBXBuildFile; fileRef = 543FB1A1173F982600F0F155 /* BSMMatch.m */; };
		543FB1A7173F982600F0F155 /* BSMMatch.m in Sources */ = {isa = PBXBuildFile; fileRef = 543FB1A1173F982600F0F155 /* BSMMatch.m */; };
		546CE672173EC05D0098C067 /* bsm.tiff in Resources */ = {isa = PBXBuildFile; fileRef = 546CE671173EC05D0098C067 /* bsm.tiff */; };
		692A6896FBA246CEB3AC7DAC /* libPods.a in Frameworks */ = {isa = PBXBuildFile; fileRef = 3D2A044C9780448A9EAE21BA /* libPods.a */; };
/* End PBXBuildFile section */

/* Begin PBXContainerItemProxy section */
		540F9259173D4925009054B3 /* PBXContainerItemProxy */ = {
			isa = PBXContainerItemProxy;
			containerPortal = 540F922D173D4924009054B3 /* Project object */;
			proxyType = 1;
			remoteGlobalIDString = 540F9234173D4924009054B3;
			remoteInfo = BSMInputMethod;
		};
/* End PBXContainerItemProxy section */

/* Begin PBXFileReference section */
		3D2A044C9780448A9EAE21BA /* libPods.a */ = {isa = PBXFileReference; explicitFileType = archive.ar; includeInIndex = 0; path = libPods.a; sourceTree = BUILT_PRODUCTS_DIR; };
		540F9235173D4924009054B3 /* BSMInputMethod.app */ = {isa = PBXFileReference; explicitFileType = wrapper.application; includeInIndex = 0; path = BSMInputMethod.app; sourceTree = BUILT_PRODUCTS_DIR; };
		540F9238173D4924009054B3 /* Cocoa.framework */ = {isa = PBXFileReference; lastKnownFileType = wrapper.framework; name = Cocoa.framework; path = System/Library/Frameworks/Cocoa.framework; sourceTree = SDKROOT; };
		540F923B173D4924009054B3 /* AppKit.framework */ = {isa = PBXFileReference; lastKnownFileType = wrapper.framework; name = AppKit.framework; path = System/Library/Frameworks/AppKit.framework; sourceTree = SDKROOT; };
		540F923C173D4924009054B3 /* CoreData.framework */ = {isa = PBXFileReference; lastKnownFileType = wrapper.framework; name = CoreData.framework; path = System/Library/Frameworks/CoreData.framework; sourceTree = SDKROOT; };
		540F923D173D4924009054B3 /* Foundation.framework */ = {isa = PBXFileReference; lastKnownFileType = wrapper.framework; name = Foundation.framework; path = System/Library/Frameworks/Foundation.framework; sourceTree = SDKROOT; };
		540F9240173D4924009054B3 /* BSMInputMethod-Info.plist */ = {isa = PBXFileReference; lastKnownFileType = text.plist.xml; path = "BSMInputMethod-Info.plist"; sourceTree = "<group>"; };
		540F9242173D4924009054B3 /* en */ = {isa = PBXFileReference; lastKnownFileType = text.plist.strings; name = en; path = en.lproj/InfoPlist.strings; sourceTree = "<group>"; };
		540F9244173D4924009054B3 /* main.m */ = {isa = PBXFileReference; lastKnownFileType = sourcecode.c.objc; path = main.m; sourceTree = "<group>"; };
		540F9246173D4924009054B3 /* BSMInputMethod-Prefix.pch */ = {isa = PBXFileReference; lastKnownFileType = sourcecode.c.h; path = "BSMInputMethod-Prefix.pch"; sourceTree = "<group>"; };
		540F9248173D4924009054B3 /* en */ = {isa = PBXFileReference; lastKnownFileType = text.rtf; name = en; path = en.lproj/Credits.rtf; sourceTree = "<group>"; };
		540F924A173D4924009054B3 /* BSMAppDelegate.h */ = {isa = PBXFileReference; lastKnownFileType = sourcecode.c.h; path = BSMAppDelegate.h; sourceTree = "<group>"; };
		540F924B173D4924009054B3 /* BSMAppDelegate.m */ = {isa = PBXFileReference; lastKnownFileType = sourcecode.c.objc; path = BSMAppDelegate.m; sourceTree = "<group>"; };
		540F924E173D4924009054B3 /* en */ = {isa = PBXFileReference; lastKnownFileType = file.xib; name = en; path = en.lproj/MainMenu.xib; sourceTree = "<group>"; };
		540F9255173D4925009054B3 /* BSMInputMethodTests.octest */ = {isa = PBXFileReference; explicitFileType = wrapper.cfbundle; includeInIndex = 0; path = BSMInputMethodTests.octest; sourceTree = BUILT_PRODUCTS_DIR; };
		540F9256173D4925009054B3 /* SenTestingKit.framework */ = {isa = PBXFileReference; lastKnownFileType = wrapper.framework; name = SenTestingKit.framework; path = Library/Frameworks/SenTestingKit.framework; sourceTree = DEVELOPER_DIR; };
		540F925D173D4925009054B3 /* BSMInputMethodTests-Info.plist */ = {isa = PBXFileReference; lastKnownFileType = text.plist.xml; path = "BSMInputMethodTests-Info.plist"; sourceTree = "<group>"; };
		540F925F173D4925009054B3 /* en */ = {isa = PBXFileReference; lastKnownFileType = text.plist.strings; name = en; path = en.lproj/InfoPlist.strings; sourceTree = "<group>"; };
		540F926C173D49BA009054B3 /* BSMInputMethodController.h */ = {isa = PBXFileReference; fileEncoding = 4; lastKnownFileType = sourcecode.c.h; path = BSMInputMethodController.h; sourceTree = "<group>"; };
		540F926D173D49BA009054B3 /* BSMInputMethodController.m */ = {isa = PBXFileReference; fileEncoding = 4; lastKnownFileType = sourcecode.c.objc; path = BSMInputMethodController.m; sourceTree = "<group>"; };
		540F9272173D4AA9009054B3 /* InputMethodKit.framework */ = {isa = PBXFileReference; lastKnownFileType = wrapper.framework; name = InputMethodKit.framework; path = System/Library/Frameworks/InputMethodKit.framework; sourceTree = SDKROOT; };
		540F9278173D5872009054B3 /* Carbon.framework */ = {isa = PBXFileReference; lastKnownFileType = wrapper.framework; name = Carbon.framework; path = System/Library/Frameworks/Carbon.framework; sourceTree = SDKROOT; };
		540F927A173DFBBA009054B3 /* bsm.db */ = {isa = PBXFileReference; lastKnownFileType = file; name = bsm.db; path = data/bsm.db; sourceTree = SOURCE_ROOT; };
		540F9281173DFEE5009054B3 /* BSMEngineSpec.m */ = {isa = PBXFileReference; fileEncoding = 4; lastKnownFileType = sourcecode.c.objc; path = BSMEngineSpec.m; sourceTree = "<group>"; };
		540F9287173E4962009054B3 /* BSMBufferSpec.m */ = {isa = PBXFileReference; fileEncoding = 4; lastKnownFileType = sourcecode.c.objc; path = BSMBufferSpec.m; sourceTree = "<group>"; };
		540F928A173E59FA009054B3 /* BSMCandidatesWindow.h */ = {isa = PBXFileReference; fileEncoding = 4; lastKnownFileType = sourcecode.c.h; name = BSMCandidatesWindow.h; path = Views/BSMCandidatesWindow.h; sourceTree = "<group>"; };
		540F928B173E59FA009054B3 /* BSMCandidatesWindow.m */ = {isa = PBXFileReference; fileEncoding = 4; lastKnownFileType = sourcecode.c.objc; name = BSMCandidatesWindow.m; path = Views/BSMCandidatesWindow.m; sourceTree = "<group>"; };
		540F928D173E5B57009054B3 /* BSMCandidateViewItem.xib */ = {isa = PBXFileReference; fileEncoding = 4; lastKnownFileType = file.xib; name = BSMCandidateViewItem.xib; path = Views/BSMCandidateViewItem.xib; sourceTree = "<group>"; };
		540F928F173E5CC7009054B3 /* BSMCandidateViewItem.h */ = {isa = PBXFileReference; fileEncoding = 4; lastKnownFileType = sourcecode.c.h; name = BSMCandidateViewItem.h; path = Views/BSMCandidateViewItem.h; sourceTree = "<group>"; };
		540F9290173E5CC7009054B3 /* BSMCandidateViewItem.m */ = {isa = PBXFileReference; fileEncoding = 4; lastKnownFileType = sourcecode.c.objc; name = BSMCandidateViewItem.m; path = Views/BSMCandidateViewItem.m; sourceTree = "<group>"; };
		540F9295173E92EB009054B3 /* BSMView.h */ = {isa = PBXFileReference; fileEncoding = 4; lastKnownFileType = sourcecode.c.h; name = BSMView.h; path = Views/BSMView.h; sourceTree = "<group>"; };
		540F9296173E92EB009054B3 /* BSMView.m */ = {isa = PBXFileReference; fileEncoding = 4; lastKnownFileType = sourcecode.c.objc; name = BSMView.m; path = Views/BSMView.m; sourceTree = "<group>"; };
		543FB197173F4E0800F0F155 /* BSMInputMethodControllerSpec.m */ = {isa = PBXFileReference; fileEncoding = 4; lastKnownFileType = sourcecode.c.objc; path = BSMInputMethodControllerSpec.m; sourceTree = "<group>"; };
		543FB19C173F982600F0F155 /* BSMBuffer.h */ = {isa = PBXFileReference; fileEncoding = 4; lastKnownFileType = sourcecode.c.h; path = BSMBuffer.h; sourceTree = "<group>"; };
		543FB19D173F982600F0F155 /* BSMBuffer.m */ = {isa = PBXFileReference; fileEncoding = 4; lastKnownFileType = sourcecode.c.objc; path = BSMBuffer.m; sourceTree = "<group>"; };
		543FB19E173F982600F0F155 /* BSMEngine.h */ = {isa = PBXFileReference; fileEncoding = 4; lastKnownFileType = sourcecode.c.h; path = BSMEngine.h; sourceTree = "<group>"; };
		543FB19F173F982600F0F155 /* BSMEngine.m */ = {isa = PBXFileReference; fileEncoding = 4; lastKnownFileType = sourcecode.c.objc; path = BSMEngine.m; sourceTree = "<group>"; };
		543FB1A0173F982600F0F155 /* BSMMatch.h */ = {isa = PBXFileReference; fileEncoding = 4; lastKnownFileType = sourcecode.c.h; path = BSMMatch.h; sourceTree = "<group>"; };
		543FB1A1173F982600F0F155 /* BSMMatch.m */ = {isa = PBXFileReference; fileEncoding = 4; lastKnownFileType = sourcecode.c.objc; path = BSMMatch.m; sourceTree = "<group>"; };
		546CE671173EC05D0098C067 /* bsm.tiff */ = {isa = PBXFileReference; lastKnownFileType = image.tiff; path = bsm.tiff; sourceTree = "<group>"; };
		54E08468173EB46300D9E5A6 /* zh-Hant */ = {isa = PBXFileReference; lastKnownFileType = text.plist.strings; name = "zh-Hant"; path = "zh-Hant.lproj/InfoPlist.strings"; sourceTree = "<group>"; };
		85F9EA81874245F69A3FFBB6 /* libPods-BSMInputMethodTests.a */ = {isa = PBXFileReference; explicitFileType = archive.ar; includeInIndex = 0; path = "libPods-BSMInputMethodTests.a"; sourceTree = BUILT_PRODUCTS_DIR; };
		9D0C6273F9B5424CAFD7C98C /* Pods-BSMInputMethodTests.xcconfig */ = {isa = PBXFileReference; includeInIndex = 1; lastKnownFileType = text.xcconfig; name = "Pods-BSMInputMethodTests.xcconfig"; path = "Pods/Pods-BSMInputMethodTests.xcconfig"; sourceTree = SOURCE_ROOT; };
		EC3CC1A565AE49A5852CFC17 /* Pods.xcconfig */ = {isa = PBXFileReference; includeInIndex = 1; lastKnownFileType = text.xcconfig; name = Pods.xcconfig; path = Pods/Pods.xcconfig; sourceTree = SOURCE_ROOT; };
/* End PBXFileReference section */

/* Begin PBXFrameworksBuildPhase section */
		540F9232173D4924009054B3 /* Frameworks */ = {
			isa = PBXFrameworksBuildPhase;
			buildActionMask = 2147483647;
			files = (
				540F9279173D5872009054B3 /* Carbon.framework in Frameworks */,
				540F9273173D4AA9009054B3 /* InputMethodKit.framework in Frameworks */,
				540F9239173D4924009054B3 /* Cocoa.framework in Frameworks */,
				692A6896FBA246CEB3AC7DAC /* libPods.a in Frameworks */,
			);
			runOnlyForDeploymentPostprocessing = 0;
		};
		540F9251173D4925009054B3 /* Frameworks */ = {
			isa = PBXFrameworksBuildPhase;
			buildActionMask = 2147483647;
			files = (
				540F9257173D4925009054B3 /* SenTestingKit.framework in Frameworks */,
				540F9258173D4925009054B3 /* Cocoa.framework in Frameworks */,
				0D61361C09FA4777AF5060FF /* libPods-BSMInputMethodTests.a in Frameworks */,
				543FB199173F501D00F0F155 /* InputMethodKit.framework in Frameworks */,
				543FB19A173F501F00F0F155 /* Carbon.framework in Frameworks */,
			);
			runOnlyForDeploymentPostprocessing = 0;
		};
/* End PBXFrameworksBuildPhase section */

/* Begin PBXGroup section */
		540F922C173D4924009054B3 = {
			isa = PBXGroup;
			children = (
				540F923E173D4924009054B3 /* BSMInputMethod */,
				540F925B173D4925009054B3 /* BSMInputMethodTests */,
				540F9237173D4924009054B3 /* Frameworks */,
				540F9236173D4924009054B3 /* Products */,
				EC3CC1A565AE49A5852CFC17 /* Pods.xcconfig */,
				9D0C6273F9B5424CAFD7C98C /* Pods-BSMInputMethodTests.xcconfig */,
			);
			sourceTree = "<group>";
		};
		540F9236173D4924009054B3 /* Products */ = {
			isa = PBXGroup;
			children = (
				540F9235173D4924009054B3 /* BSMInputMethod.app */,
				540F9255173D4925009054B3 /* BSMInputMethodTests.octest */,
			);
			name = Products;
			sourceTree = "<group>";
		};
		540F9237173D4924009054B3 /* Frameworks */ = {
			isa = PBXGroup;
			children = (
				540F9278173D5872009054B3 /* Carbon.framework */,
				540F9272173D4AA9009054B3 /* InputMethodKit.framework */,
				540F9238173D4924009054B3 /* Cocoa.framework */,
				540F9256173D4925009054B3 /* SenTestingKit.framework */,
				540F923A173D4924009054B3 /* Other Frameworks */,
				3D2A044C9780448A9EAE21BA /* libPods.a */,
				85F9EA81874245F69A3FFBB6 /* libPods-BSMInputMethodTests.a */,
			);
			name = Frameworks;
			sourceTree = "<group>";
		};
		540F923A173D4924009054B3 /* Other Frameworks */ = {
			isa = PBXGroup;
			children = (
				540F923B173D4924009054B3 /* AppKit.framework */,
				540F923C173D4924009054B3 /* CoreData.framework */,
				540F923D173D4924009054B3 /* Foundation.framework */,
			);
			name = "Other Frameworks";
			sourceTree = "<group>";
		};
		540F923E173D4924009054B3 /* BSMInputMethod */ = {
			isa = PBXGroup;
			children = (
				540F9289173E59DB009054B3 /* Views */,
				543FB19B173F982600F0F155 /* Engine */,
				540F924A173D4924009054B3 /* BSMAppDelegate.h */,
				540F924B173D4924009054B3 /* BSMAppDelegate.m */,
				540F926C173D49BA009054B3 /* BSMInputMethodController.h */,
				540F926D173D49BA009054B3 /* BSMInputMethodController.m */,
				540F924D173D4924009054B3 /* MainMenu.xib */,
				540F926F173D4A93009054B3 /* Resources */,
				540F923F173D4924009054B3 /* Supporting Files */,
			);
			path = BSMInputMethod;
			sourceTree = "<group>";
		};
		540F923F173D4924009054B3 /* Supporting Files */ = {
			isa = PBXGroup;
			children = (
				540F9240173D4924009054B3 /* BSMInputMethod-Info.plist */,
				540F9241173D4924009054B3 /* InfoPlist.strings */,
				540F9244173D4924009054B3 /* main.m */,
				540F9246173D4924009054B3 /* BSMInputMethod-Prefix.pch */,
				540F9247173D4924009054B3 /* Credits.rtf */,
			);
			name = "Supporting Files";
			sourceTree = "<group>";
		};
		540F925B173D4925009054B3 /* BSMInputMethodTests */ = {
			isa = PBXGroup;
			children = (
				540F9287173E4962009054B3 /* BSMBufferSpec.m */,
				540F9281173DFEE5009054B3 /* BSMEngineSpec.m */,
				543FB197173F4E0800F0F155 /* BSMInputMethodControllerSpec.m */,
				540F925C173D4925009054B3 /* Supporting Files */,
			);
			path = BSMInputMethodTests;
			sourceTree = "<group>";
		};
		540F925C173D4925009054B3 /* Supporting Files */ = {
			isa = PBXGroup;
			children = (
				540F925D173D4925009054B3 /* BSMInputMethodTests-Info.plist */,
				540F925E173D4925009054B3 /* InfoPlist.strings */,
			);
			name = "Supporting Files";
			sourceTree = "<group>";
		};
		540F926F173D4A93009054B3 /* Resources */ = {
			isa = PBXGroup;
			children = (
				546CE671173EC05D0098C067 /* bsm.tiff */,
				540F927A173DFBBA009054B3 /* bsm.db */,
			);
			path = Resources;
			sourceTree = "<group>";
		};
		540F9289173E59DB009054B3 /* Views */ = {
			isa = PBXGroup;
			children = (
				540F928A173E59FA009054B3 /* BSMCandidatesWindow.h */,
				540F928B173E59FA009054B3 /* BSMCandidatesWindow.m */,
				540F928D173E5B57009054B3 /* BSMCandidateViewItem.xib */,
				540F928F173E5CC7009054B3 /* BSMCandidateViewItem.h */,
				540F9290173E5CC7009054B3 /* BSMCandidateViewItem.m */,
				540F9295173E92EB009054B3 /* BSMView.h */,
				540F9296173E92EB009054B3 /* BSMView.m */,
			);
			name = Views;
			sourceTree = "<group>";
		};
		543FB19B173F982600F0F155 /* Engine */ = {
			isa = PBXGroup;
			children = (
				543FB19C173F982600F0F155 /* BSMBuffer.h */,
				543FB19D173F982600F0F155 /* BSMBuffer.m */,
				543FB19E173F982600F0F155 /* BSMEngine.h */,
				543FB19F173F982600F0F155 /* BSMEngine.m */,
				543FB1A0173F982600F0F155 /* BSMMatch.h */,
				543FB1A1173F982600F0F155 /* BSMMatch.m */,
			);
			path = Engine;
			sourceTree = "<group>";
		};
/* End PBXGroup section */

/* Begin PBXNativeTarget section */
		540F9234173D4924009054B3 /* BSMInputMethod */ = {
			isa = PBXNativeTarget;
			buildConfigurationList = 540F9266173D4925009054B3 /* Build configuration list for PBXNativeTarget "BSMInputMethod" */;
			buildPhases = (
				E7E80580787348FAAF0168BB /* Check Pods Manifest.lock */,
				540F9231173D4924009054B3 /* Sources */,
				540F9232173D4924009054B3 /* Frameworks */,
				540F9233173D4924009054B3 /* Resources */,
				22297C54E9CC40E59156028F /* Copy Pods Resources */,
			);
			buildRules = (
			);
			dependencies = (
			);
			name = BSMInputMethod;
			productName = BSMInputMethod;
			productReference = 540F9235173D4924009054B3 /* BSMInputMethod.app */;
			productType = "com.apple.product-type.application";
		};
		540F9254173D4925009054B3 /* BSMInputMethodTests */ = {
			isa = PBXNativeTarget;
			buildConfigurationList = 540F9269173D4925009054B3 /* Build configuration list for PBXNativeTarget "BSMInputMethodTests" */;
			buildPhases = (
				BB73A65761744C4DA17D7F46 /* Check Pods Manifest.lock */,
				540F9250173D4925009054B3 /* Sources */,
				540F9251173D4925009054B3 /* Frameworks */,
				540F9252173D4925009054B3 /* Resources */,
				540F9253173D4925009054B3 /* ShellScript */,
				BE02A032C39F4FC18D8F5F3D /* Copy Pods Resources */,
			);
			buildRules = (
			);
			dependencies = (
				540F925A173D4925009054B3 /* PBXTargetDependency */,
			);
			name = BSMInputMethodTests;
			productName = BSMInputMethodTests;
			productReference = 540F9255173D4925009054B3 /* BSMInputMethodTests.octest */;
			productType = "com.apple.product-type.bundle";
		};
/* End PBXNativeTarget section */

/* Begin PBXProject section */
		540F922D173D4924009054B3 /* Project object */ = {
			isa = PBXProject;
			attributes = {
				CLASSPREFIX = BSM;
				LastUpgradeCheck = 0460;
				ORGANIZATIONNAME = "Ignition Soft";
			};
			buildConfigurationList = 540F9230173D4924009054B3 /* Build configuration list for PBXProject "BSMInputMethod" */;
			compatibilityVersion = "Xcode 3.2";
			developmentRegion = English;
			hasScannedForEncodings = 0;
			knownRegions = (
				en,
				"zh-Hant",
			);
			mainGroup = 540F922C173D4924009054B3;
			productRefGroup = 540F9236173D4924009054B3 /* Products */;
			projectDirPath = "";
			projectRoot = "";
			targets = (
				540F9234173D4924009054B3 /* BSMInputMethod */,
				540F9254173D4925009054B3 /* BSMInputMethodTests */,
			);
		};
/* End PBXProject section */

/* Begin PBXResourcesBuildPhase section */
		540F9233173D4924009054B3 /* Resources */ = {
			isa = PBXResourcesBuildPhase;
			buildActionMask = 2147483647;
			files = (
				540F9243173D4924009054B3 /* InfoPlist.strings in Resources */,
				540F9249173D4924009054B3 /* Credits.rtf in Resources */,
				540F924F173D4924009054B3 /* MainMenu.xib in Resources */,
				540F927B173DFBBA009054B3 /* bsm.db in Resources */,
				540F928E173E5B57009054B3 /* BSMCandidateViewItem.xib in Resources */,
				546CE672173EC05D0098C067 /* bsm.tiff in Resources */,
			);
			runOnlyForDeploymentPostprocessing = 0;
		};
		540F9252173D4925009054B3 /* Resources */ = {
			isa = PBXResourcesBuildPhase;
			buildActionMask = 2147483647;
			files = (
				540F9260173D4925009054B3 /* InfoPlist.strings in Resources */,
				540F927C173DFBBA009054B3 /* bsm.db in Resources */,
			);
			runOnlyForDeploymentPostprocessing = 0;
		};
/* End PBXResourcesBuildPhase section */

/* Begin PBXShellScriptBuildPhase section */
		22297C54E9CC40E59156028F /* Copy Pods Resources */ = {
			isa = PBXShellScriptBuildPhase;
			buildActionMask = 2147483647;
			files = (
			);
			inputPaths = (
			);
			name = "Copy Pods Resources";
			outputPaths = (
			);
			runOnlyForDeploymentPostprocessing = 0;
			shellPath = /bin/sh;
			shellScript = "\"${SRCROOT}/Pods/Pods-resources.sh\"\n";
		};
		540F9253173D4925009054B3 /* ShellScript */ = {
			isa = PBXShellScriptBuildPhase;
			buildActionMask = 2147483647;
			files = (
			);
			inputPaths = (
			);
			outputPaths = (
			);
			runOnlyForDeploymentPostprocessing = 0;
			shellPath = /bin/sh;
			shellScript = "# Run the unit tests in this test bundle.\n\"${SYSTEM_DEVELOPER_DIR}/Tools/RunUnitTests\"\n";
		};
		BB73A65761744C4DA17D7F46 /* Check Pods Manifest.lock */ = {
			isa = PBXShellScriptBuildPhase;
			buildActionMask = 2147483647;
			files = (
			);
			inputPaths = (
			);
			name = "Check Pods Manifest.lock";
			outputPaths = (
			);
			runOnlyForDeploymentPostprocessing = 0;
			shellPath = /bin/sh;
			shellScript = "diff \"${PODS_ROOT}/../Podfile.lock\" \"${PODS_ROOT}/Manifest.lock\" > /dev/null\nif [[ $? != 0 ]] ; then\n    cat << EOM\nerror: The sandbox is not in sync with the Podfile.lock. Run 'pod install' or update your CocoaPods installation.\nEOM\n    exit 1\nfi\n";
		};
		BE02A032C39F4FC18D8F5F3D /* Copy Pods Resources */ = {
			isa = PBXShellScriptBuildPhase;
			buildActionMask = 2147483647;
			files = (
			);
			inputPaths = (
			);
			name = "Copy Pods Resources";
			outputPaths = (
			);
			runOnlyForDeploymentPostprocessing = 0;
			shellPath = /bin/sh;
			shellScript = "\"${SRCROOT}/Pods/Pods-BSMInputMethodTests-resources.sh\"\n";
		};
		E7E80580787348FAAF0168BB /* Check Pods Manifest.lock */ = {
			isa = PBXShellScriptBuildPhase;
			buildActionMask = 2147483647;
			files = (
			);
			inputPaths = (
			);
			name = "Check Pods Manifest.lock";
			outputPaths = (
			);
			runOnlyForDeploymentPostprocessing = 0;
			shellPath = /bin/sh;
			shellScript = "diff \"${PODS_ROOT}/../Podfile.lock\" \"${PODS_ROOT}/Manifest.lock\" > /dev/null\nif [[ $? != 0 ]] ; then\n    cat << EOM\nerror: The sandbox is not in sync with the Podfile.lock. Run 'pod install' or update your CocoaPods installation.\nEOM\n    exit 1\nfi\n";
		};
/* End PBXShellScriptBuildPhase section */

/* Begin PBXSourcesBuildPhase section */
		540F9231173D4924009054B3 /* Sources */ = {
			isa = PBXSourcesBuildPhase;
			buildActionMask = 2147483647;
			files = (
				540F9245173D4924009054B3 /* main.m in Sources */,
				540F924C173D4924009054B3 /* BSMAppDelegate.m in Sources */,
				540F926E173D49BA009054B3 /* BSMInputMethodController.m in Sources */,
				540F928C173E59FA009054B3 /* BSMCandidatesWindow.m in Sources */,
				540F9291173E5CC7009054B3 /* BSMCandidateViewItem.m in Sources */,
				540F9297173E92EB009054B3 /* BSMView.m in Sources */,
				543FB1A2173F982600F0F155 /* BSMBuffer.m in Sources */,
				543FB1A4173F982600F0F155 /* BSMEngine.m in Sources */,
				543FB1A6173F982600F0F155 /* BSMMatch.m in Sources */,
			);
			runOnlyForDeploymentPostprocessing = 0;
		};
		540F9250173D4925009054B3 /* Sources */ = {
			isa = PBXSourcesBuildPhase;
			buildActionMask = 2147483647;
			files = (
				540F9283173DFEE5009054B3 /* BSMEngineSpec.m in Sources */,
				540F9288173E4962009054B3 /* BSMBufferSpec.m in Sources */,
				543FB198173F4E0800F0F155 /* BSMInputMethodControllerSpec.m in Sources */,
				543FB1A3173F982600F0F155 /* BSMBuffer.m in Sources */,
				543FB1A5173F982600F0F155 /* BSMEngine.m in Sources */,
				543FB1A7173F982600F0F155 /* BSMMatch.m in Sources */,
			);
			runOnlyForDeploymentPostprocessing = 0;
		};
/* End PBXSourcesBuildPhase section */

/* Begin PBXTargetDependency section */
		540F925A173D4925009054B3 /* PBXTargetDependency */ = {
			isa = PBXTargetDependency;
			target = 540F9234173D4924009054B3 /* BSMInputMethod */;
			targetProxy = 540F9259173D4925009054B3 /* PBXContainerItemProxy */;
		};
/* End PBXTargetDependency section */

/* Begin PBXVariantGroup section */
		540F9241173D4924009054B3 /* InfoPlist.strings */ = {
			isa = PBXVariantGroup;
			children = (
				540F9242173D4924009054B3 /* en */,
				54E08468173EB46300D9E5A6 /* zh-Hant */,
			);
			name = InfoPlist.strings;
			sourceTree = "<group>";
		};
		540F9247173D4924009054B3 /* Credits.rtf */ = {
			isa = PBXVariantGroup;
			children = (
				540F9248173D4924009054B3 /* en */,
			);
			name = Credits.rtf;
			sourceTree = "<group>";
		};
		540F924D173D4924009054B3 /* MainMenu.xib */ = {
			isa = PBXVariantGroup;
			children = (
				540F924E173D4924009054B3 /* en */,
			);
			name = MainMenu.xib;
			sourceTree = "<group>";
		};
		540F925E173D4925009054B3 /* InfoPlist.strings */ = {
			isa = PBXVariantGroup;
			children = (
				540F925F173D4925009054B3 /* en */,
			);
			name = InfoPlist.strings;
			sourceTree = "<group>";
		};
/* End PBXVariantGroup section */

/* Begin XCBuildConfiguration section */
		540F9264173D4925009054B3 /* Debug */ = {
			isa = XCBuildConfiguration;
			buildSettings = {
				ALWAYS_SEARCH_USER_PATHS = NO;
				ARCHS = "$(ARCHS_STANDARD_64_BIT)";
				CLANG_CXX_LANGUAGE_STANDARD = "gnu++0x";
				CLANG_CXX_LIBRARY = "libc++";
				CLANG_ENABLE_OBJC_ARC = YES;
				CLANG_WARN_CONSTANT_CONVERSION = YES;
				CLANG_WARN_EMPTY_BODY = YES;
				CLANG_WARN_ENUM_CONVERSION = YES;
				CLANG_WARN_INT_CONVERSION = YES;
				CLANG_WARN__DUPLICATE_METHOD_MATCH = YES;
				COPY_PHASE_STRIP = NO;
				GCC_C_LANGUAGE_STANDARD = gnu99;
				GCC_DYNAMIC_NO_PIC = NO;
				GCC_ENABLE_OBJC_EXCEPTIONS = YES;
				GCC_OPTIMIZATION_LEVEL = 0;
				GCC_PREPROCESSOR_DEFINITIONS = (
					"DEBUG=1",
					"$(inherited)",
				);
				GCC_SYMBOLS_PRIVATE_EXTERN = NO;
				GCC_WARN_64_TO_32_BIT_CONVERSION = YES;
				GCC_WARN_ABOUT_RETURN_TYPE = YES;
				GCC_WARN_UNINITIALIZED_AUTOS = YES;
				GCC_WARN_UNUSED_VARIABLE = YES;
				MACOSX_DEPLOYMENT_TARGET = 10.8;
				ONLY_ACTIVE_ARCH = YES;
				SDKROOT = macosx;
			};
			name = Debug;
		};
		540F9265173D4925009054B3 /* Release */ = {
			isa = XCBuildConfiguration;
			buildSettings = {
				ALWAYS_SEARCH_USER_PATHS = NO;
				ARCHS = "$(ARCHS_STANDARD_64_BIT)";
				CLANG_CXX_LANGUAGE_STANDARD = "gnu++0x";
				CLANG_CXX_LIBRARY = "libc++";
				CLANG_ENABLE_OBJC_ARC = YES;
				CLANG_WARN_CONSTANT_CONVERSION = YES;
				CLANG_WARN_EMPTY_BODY = YES;
				CLANG_WARN_ENUM_CONVERSION = YES;
				CLANG_WARN_INT_CONVERSION = YES;
				CLANG_WARN__DUPLICATE_METHOD_MATCH = YES;
				COPY_PHASE_STRIP = YES;
				DEBUG_INFORMATION_FORMAT = "dwarf-with-dsym";
				GCC_C_LANGUAGE_STANDARD = gnu99;
				GCC_ENABLE_OBJC_EXCEPTIONS = YES;
				GCC_WARN_64_TO_32_BIT_CONVERSION = YES;
				GCC_WARN_ABOUT_RETURN_TYPE = YES;
				GCC_WARN_UNINITIALIZED_AUTOS = YES;
				GCC_WARN_UNUSED_VARIABLE = YES;
				MACOSX_DEPLOYMENT_TARGET = 10.8;
				SDKROOT = macosx;
			};
			name = Release;
		};
		540F9267173D4925009054B3 /* Debug */ = {
			isa = XCBuildConfiguration;
			baseConfigurationReference = EC3CC1A565AE49A5852CFC17 /* Pods.xcconfig */;
			buildSettings = {
				COMBINE_HIDPI_IMAGES = YES;
				GCC_PRECOMPILE_PREFIX_HEADER = YES;
				GCC_PREFIX_HEADER = "BSMInputMethod/BSMInputMethod-Prefix.pch";
				INFOPLIST_FILE = "BSMInputMethod/BSMInputMethod-Info.plist";
				PRODUCT_NAME = "$(TARGET_NAME)";
				WRAPPER_EXTENSION = app;
			};
			name = Debug;
		};
		540F9268173D4925009054B3 /* Release */ = {
			isa = XCBuildConfiguration;
			baseConfigurationReference = EC3CC1A565AE49A5852CFC17 /* Pods.xcconfig */;
			buildSettings = {
				COMBINE_HIDPI_IMAGES = YES;
				GCC_PRECOMPILE_PREFIX_HEADER = YES;
				GCC_PREFIX_HEADER = "BSMInputMethod/BSMInputMethod-Prefix.pch";
				INFOPLIST_FILE = "BSMInputMethod/BSMInputMethod-Info.plist";
				PRODUCT_NAME = "$(TARGET_NAME)";
				WRAPPER_EXTENSION = app;
			};
			name = Release;
		};
		540F926A173D4925009054B3 /* Debug */ = {
			isa = XCBuildConfiguration;
			baseConfigurationReference = 9D0C6273F9B5424CAFD7C98C /* Pods-BSMInputMethodTests.xcconfig */;
			buildSettings = {
				BUNDLE_LOADER = "$(BUILT_PRODUCTS_DIR)/BSMInputMethod.app/Contents/MacOS/BSMInputMethod";
				COMBINE_HIDPI_IMAGES = YES;
				FRAMEWORK_SEARCH_PATHS = (
					"\"$(DEVELOPER_LIBRARY_DIR)/Frameworks\"",
					"$(inherited)",
				);
				GCC_PRECOMPILE_PREFIX_HEADER = YES;
				GCC_PREFIX_HEADER = "BSMInputMethod/BSMInputMethod-Prefix.pch";
				INFOPLIST_FILE = "BSMInputMethodTests/BSMInputMethodTests-Info.plist";
				PRODUCT_NAME = "$(TARGET_NAME)";
				TEST_HOST = "$(BUNDLE_LOADER)";
				WRAPPER_EXTENSION = octest;
			};
			name = Debug;
		};
		540F926B173D4925009054B3 /* Release */ = {
			isa = XCBuildConfiguration;
			baseConfigurationReference = 9D0C6273F9B5424CAFD7C98C /* Pods-BSMInputMethodTests.xcconfig */;
			buildSettings = {
				BUNDLE_LOADER = "$(BUILT_PRODUCTS_DIR)/BSMInputMethod.app/Contents/MacOS/BSMInputMethod";
				COMBINE_HIDPI_IMAGES = YES;
				FRAMEWORK_SEARCH_PATHS = (
					"\"$(DEVELOPER_LIBRARY_DIR)/Frameworks\"",
					"$(inherited)",
				);
				GCC_PRECOMPILE_PREFIX_HEADER = YES;
				GCC_PREFIX_HEADER = "BSMInputMethod/BSMInputMethod-Prefix.pch";
				INFOPLIST_FILE = "BSMInputMethodTests/BSMInputMethodTests-Info.plist";
				PRODUCT_NAME = "$(TARGET_NAME)";
				TEST_HOST = "$(BUNDLE_LOADER)";
				WRAPPER_EXTENSION = octest;
			};
			name = Release;
		};
/* End XCBuildConfiguration section */

/* Begin XCConfigurationList section */
		540F9230173D4924009054B3 /* Build configuration list for PBXProject "BSMInputMethod" */ = {
			isa = XCConfigurationList;
			buildConfigurations = (
				540F9264173D4925009054B3 /* Debug */,
				540F9265173D4925009054B3 /* Release */,
			);
			defaultConfigurationIsVisible = 0;
			defaultConfigurationName = Release;
		};
		540F9266173D4925009054B3 /* Build configuration list for PBXNativeTarget "BSMInputMethod" */ = {
			isa = XCConfigurationList;
			buildConfigurations = (
				540F9267173D4925009054B3 /* Debug */,
				540F9268173D4925009054B3 /* Release */,
			);
			defaultConfigurationIsVisible = 0;
			defaultConfigurationName = Release;
		};
		540F9269173D4925009054B3 /* Build configuration list for PBXNativeTarget "BSMInputMethodTests" */ = {
			isa = XCConfigurationList;
			buildConfigurations = (
				540F926A173D4925009054B3 /* Debug */,
				540F926B173D4925009054B3 /* Release */,
			);
			defaultConfigurationIsVisible = 0;
			defaultConfigurationName = Release;
		};
/* End XCConfigurationList section */
	};
	rootObject = 540F922D173D4924009054B3 /* Project object */;
}
